
Microsoft Visual Studio Solution File, Format Version 11.00
# Visual Studio 2010
Project("{FAE04EC0-301F-11D3-BF4B-00C04F79EFBC}") = "TestEncoding", "TestEncoding\TestEncoding.csproj", "{24340CD4-E052-4C62-81C3-77AF4F4EB0F5}"
EndProject
Global
	GlobalSection(SolutionConfigurationPlatforms) = preSolution
		Debug|x86 = Debug|x86
		Release|x86 = Release|x86
	EndGlobalSection
	GlobalSection(ProjectConfigurationPlatforms) = postSolution
		{24340CD4-E052-4C62-81C3-77AF4F4EB0F5}.Debug|x86.ActiveCfg = Debug|x86
		{24340CD4-E052-4C62-81C3-77AF4F4EB0F5}.Debug|x86.Build.0 = Debug|x86
		{24340CD4-E052-4C62-81C3-77AF4F4EB0F5}.Release|x86.ActiveCfg = Release|x86
		{24340CD4-E052-4C62-81C3-77AF4F4EB0F5}.Release|x86.Build.0 = Release|x86
	EndGlobalSection
	GlobalSection(SolutionProperties) = preSolution
		HideSolutionNode = FALSE
	EndGlobalSection
EndGlobal
